# THIS IS AN AUTOGENERATED FILE. DO NOT EDIT THIS FILE DIRECTLY.
# yarn lockfile v1


dompurify@^2.3.1:
  version "2.4.5"
  resolved "https://registry.yarnpkg.com/dompurify/-/dompurify-2.4.5.tgz#0e89a27601f0bad978f9a924e7a05d5d2cccdd87"
  integrity sha512-jggCCd+8Iqp4Tsz0nIvpcb22InKEBrGz5dw3EQJMs8HPJDsKbFIO3STYtAvCfDx26Muevn1MHVI0XxjgFfmiSA==

sortablejs@^1.15.0:
  version "1.15.0"
  resolved "https://registry.yarnpkg.com/sortablejs/-/sortablejs-1.15.0.tgz#53230b8aa3502bb77a29e2005808ffdb4a5f7e2a"
  integrity sha512-bv9qgVMjUMf89wAvM6AxVvS/4MX3sPeN0+agqShejLU5z5GX4C75ow1O2e5k4L6XItUyAK3gH6AxSbXrOM5e8w==

tui-calendar@^1.15.3:
  version "1.15.3"
  resolved "https://registry.yarnpkg.com/tui-calendar/-/tui-calendar-1.15.3.tgz#99c9809c3575ac55ecf2b5bd5c119e8a6fcd5481"
  integrity sha512-S+QxtSPunLUNIX/eHoHcBB9XlPVT15Wh6ItR62n5K/Gq3WeSQdyhdbsuZJYV9z75bgJbFzp6x32v2yEPm6iWrg==
  dependencies:
    dompurify "^2.3.1"
    tui-code-snippet "^1.5.0"
    tui-date-picker "^4.3.0"
    tui-time-picker "^2.1.4"

tui-code-snippet@^1.5.0:
  version "1.5.2"
  resolved "https://registry.yarnpkg.com/tui-code-snippet/-/tui-code-snippet-1.5.2.tgz#f4b8f0f1ac996b0b5b621f77c9507af19a0de238"
  integrity sha512-6UqTlQaaC1KLcmC0HAoq5dtl1G4Fib+R+NC7pmaV7kiIlZ7JqKhUmnOoGRcreAyzd81UTK/vCvhrw9QJskpCFQ==

tui-date-picker@^4.3.0:
  version "4.3.3"
  resolved "https://registry.yarnpkg.com/tui-date-picker/-/tui-date-picker-4.3.3.tgz#a5f895d06cddcdbcb7fe081b62c17d8089aa0bca"
  integrity sha512-/2YoLnj5c1e+Ag1ZZYOgzEs2o0v7Ol7c5UAnBj438zGlkwkMxyH0HwP2pVqqIYX05WE7K0+6nTWVMybS8otBgw==
  dependencies:
    tui-time-picker "^2.1.6"

tui-time-picker@^2.1.4, tui-time-picker@^2.1.6:
  version "2.1.6"
  resolved "https://registry.yarnpkg.com/tui-time-picker/-/tui-time-picker-2.1.6.tgz#8dcca8b78f0a4da03a87ac1d438ae4518f0ecb54"
  integrity sha512-4Jmo3wjGS+Ii4/qQgt5DaFEohHpB3U6BzWeTODVVFHD9sx3NOsbomY9K0xMobSLODi+tQEH7wfOtNU0IJmcQ6Q==
